
Microsoft Visual Studio Solution File, Format Version 12.00
# Visual Studio Version 16
VisualStudioVersion = 16.0.32413.511
MinimumVisualStudioVersion = 10.0.40219.1
Project("{FAE04EC0-301F-11D3-BF4B-00C04F79EFBC}") = "EmpoderamentoFemenino", "EmpoderamentoFemenino\EmpoderamentoFemenino.csproj", "{28FAC0FF-1488-4138-BA68-7B9B0DA99692}"
EndProject
Global
	GlobalSection(SolutionConfigurationPlatforms) = preSolution
		Debug|Any CPU = Debug|Any CPU
		Release|Any CPU = Release|Any CPU
	EndGlobalSection
	GlobalSection(ProjectConfigurationPlatforms) = postSolution
		{28FAC0FF-1488-4138-BA68-7B9B0DA99692}.Debug|Any CPU.ActiveCfg = Debug|Any CPU
		{28FAC0FF-1488-4138-BA68-7B9B0DA99692}.Debug|Any CPU.Build.0 = Debug|Any CPU
		{28FAC0FF-1488-4138-BA68-7B9B0DA99692}.Release|Any CPU.ActiveCfg = Release|Any CPU
		{28FAC0FF-1488-4138-BA68-7B9B0DA99692}.Release|Any CPU.Build.0 = Release|Any CPU
	EndGlobalSection
	GlobalSection(SolutionProperties) = preSolution
		HideSolutionNode = FALSE
	EndGlobalSection
	GlobalSection(ExtensibilityGlobals) = postSolution
		SolutionGuid = {CDA75BF5-E29A-4D85-BB4F-3A010661D3D0}
	EndGlobalSection
EndGlobal
